
Microsoft Visual Studio Solution File, Format Version 11.00
# Visual C++ Express 2010
Project("{8BC9CEB8-8B4A-11D0-8D11-00A0C91BC942}") = "third_project", "third_project.vcxproj", "{8DDD5398-B8F8-4B1A-B229-DBC8E28F4D75}"
EndProject
Global
	GlobalSection(SolutionConfigurationPlatforms) = preSolution
		Debug|Win32 = Debug|Win32
		Release|Win32 = Release|Win32
	EndGlobalSection
	GlobalSection(ProjectConfigurationPlatforms) = postSolution
		{8DDD5398-B8F8-4B1A-B229-DBC8E28F4D75}.Debug|Win32.ActiveCfg = Debug|Win32
		{8DDD5398-B8F8-4B1A-B229-DBC8E28F4D75}.Debug|Win32.Build.0 = Debug|Win32
		{8DDD5398-B8F8-4B1A-B229-DBC8E28F4D75}.Release|Win32.ActiveCfg = Release|Win32
		{8DDD5398-B8F8-4B1A-B229-DBC8E28F4D75}.Release|Win32.Build.0 = Release|Win32
	EndGlobalSection
	GlobalSection(SolutionProperties) = preSolution
		HideSolutionNode = FALSE
	EndGlobalSection
EndGlobal
